
Microsoft Visual Studio Solution File, Format Version 12.00
# Visual Studio 15
VisualStudioVersion = 15.0.28010.2041
MinimumVisualStudioVersion = 10.0.40219.1
Project("{FAE04EC0-301F-11D3-BF4B-00C04F79EFBC}") = "StringToIntLibrary", "StringToIntLibrary\StringToIntLibrary.csproj", "{C05D4601-D8DA-424A-84F1-74765199BA52}"
EndProject
Project("{FAE04EC0-301F-11D3-BF4B-00C04F79EFBC}") = "StringToIntTests", "StringToIntTests\StringToIntTests.csproj", "{99E16C2B-5DF9-40BF-8988-1EA92260ACB5}"
EndProject
Global
	GlobalSection(SolutionConfigurationPlatforms) = preSolution
		Debug|Any CPU = Debug|Any CPU
		Release|Any CPU = Release|Any CPU
	EndGlobalSection
	GlobalSection(ProjectConfigurationPlatforms) = postSolution
		{C05D4601-D8DA-424A-84F1-74765199BA52}.Debug|Any CPU.ActiveCfg = Debug|Any CPU
		{C05D4601-D8DA-424A-84F1-74765199BA52}.Debug|Any CPU.Build.0 = Debug|Any CPU
		{C05D4601-D8DA-424A-84F1-74765199BA52}.Release|Any CPU.ActiveCfg = Release|Any CPU
		{C05D4601-D8DA-424A-84F1-74765199BA52}.Release|Any CPU.Build.0 = Release|Any CPU
		{99E16C2B-5DF9-40BF-8988-1EA92260ACB5}.Debug|Any CPU.ActiveCfg = Debug|Any CPU
		{99E16C2B-5DF9-40BF-8988-1EA92260ACB5}.Debug|Any CPU.Build.0 = Debug|Any CPU
		{99E16C2B-5DF9-40BF-8988-1EA92260ACB5}.Release|Any CPU.ActiveCfg = Release|Any CPU
		{99E16C2B-5DF9-40BF-8988-1EA92260ACB5}.Release|Any CPU.Build.0 = Release|Any CPU
	EndGlobalSection
	GlobalSection(SolutionProperties) = preSolution
		HideSolutionNode = FALSE
	EndGlobalSection
	GlobalSection(ExtensibilityGlobals) = postSolution
		SolutionGuid = {8C923463-D554-4BE9-9E2B-49CFAF7A7FB7}
	EndGlobalSection
EndGlobal
