
Microsoft Visual Studio Solution File, Format Version 12.00
# Visual Studio 15
VisualStudioVersion = 15.0.28307.168
MinimumVisualStudioVersion = 10.0.40219.1
Project("{FAE04EC0-301F-11D3-BF4B-00C04F79EFBC}") = "BooksLibrary", "BooksLibrary\BooksLibrary.csproj", "{002E2783-9D38-44BF-B095-6B5AE673B31B}"
EndProject
Project("{FAE04EC0-301F-11D3-BF4B-00C04F79EFBC}") = "BooksTests", "BooksTests\BooksTests.csproj", "{AAB25225-892D-4C44-A27F-5808C72A04AA}"
EndProject
Global
	GlobalSection(SolutionConfigurationPlatforms) = preSolution
		Debug|Any CPU = Debug|Any CPU
		Release|Any CPU = Release|Any CPU
	EndGlobalSection
	GlobalSection(ProjectConfigurationPlatforms) = postSolution
		{002E2783-9D38-44BF-B095-6B5AE673B31B}.Debug|Any CPU.ActiveCfg = Debug|Any CPU
		{002E2783-9D38-44BF-B095-6B5AE673B31B}.Debug|Any CPU.Build.0 = Debug|Any CPU
		{002E2783-9D38-44BF-B095-6B5AE673B31B}.Release|Any CPU.ActiveCfg = Release|Any CPU
		{002E2783-9D38-44BF-B095-6B5AE673B31B}.Release|Any CPU.Build.0 = Release|Any CPU
		{AAB25225-892D-4C44-A27F-5808C72A04AA}.Debug|Any CPU.ActiveCfg = Debug|Any CPU
		{AAB25225-892D-4C44-A27F-5808C72A04AA}.Debug|Any CPU.Build.0 = Debug|Any CPU
		{AAB25225-892D-4C44-A27F-5808C72A04AA}.Release|Any CPU.ActiveCfg = Release|Any CPU
		{AAB25225-892D-4C44-A27F-5808C72A04AA}.Release|Any CPU.Build.0 = Release|Any CPU
	EndGlobalSection
	GlobalSection(SolutionProperties) = preSolution
		HideSolutionNode = FALSE
	EndGlobalSection
	GlobalSection(ExtensibilityGlobals) = postSolution
		SolutionGuid = {4F719612-8178-4827-A62B-D3F1979121DD}
	EndGlobalSection
EndGlobal
