
Microsoft Visual Studio Solution File, Format Version 12.00
# Visual Studio 15
VisualStudioVersion = 15.0.28010.2041
MinimumVisualStudioVersion = 10.0.40219.1
Project("{FAE04EC0-301F-11D3-BF4B-00C04F79EFBC}") = "SiteCopyApp", "SiteCopyApp\SiteCopyApp.csproj", "{BF54E0DE-A090-472C-850F-99C89400F992}"
EndProject
Project("{FAE04EC0-301F-11D3-BF4B-00C04F79EFBC}") = "SiteDownloaderLibrary", "SiteDownloaderLibrary\SiteDownloaderLibrary.csproj", "{EDA6AE40-1424-4407-ABF9-E682979288B6}"
EndProject
Global
	GlobalSection(SolutionConfigurationPlatforms) = preSolution
		Debug|Any CPU = Debug|Any CPU
		Release|Any CPU = Release|Any CPU
	EndGlobalSection
	GlobalSection(ProjectConfigurationPlatforms) = postSolution
		{BF54E0DE-A090-472C-850F-99C89400F992}.Debug|Any CPU.ActiveCfg = Debug|Any CPU
		{BF54E0DE-A090-472C-850F-99C89400F992}.Debug|Any CPU.Build.0 = Debug|Any CPU
		{BF54E0DE-A090-472C-850F-99C89400F992}.Release|Any CPU.ActiveCfg = Release|Any CPU
		{BF54E0DE-A090-472C-850F-99C89400F992}.Release|Any CPU.Build.0 = Release|Any CPU
		{EDA6AE40-1424-4407-ABF9-E682979288B6}.Debug|Any CPU.ActiveCfg = Debug|Any CPU
		{EDA6AE40-1424-4407-ABF9-E682979288B6}.Debug|Any CPU.Build.0 = Debug|Any CPU
		{EDA6AE40-1424-4407-ABF9-E682979288B6}.Release|Any CPU.ActiveCfg = Release|Any CPU
		{EDA6AE40-1424-4407-ABF9-E682979288B6}.Release|Any CPU.Build.0 = Release|Any CPU
	EndGlobalSection
	GlobalSection(SolutionProperties) = preSolution
		HideSolutionNode = FALSE
	EndGlobalSection
	GlobalSection(ExtensibilityGlobals) = postSolution
		SolutionGuid = {4050179D-5263-4FD4-93FC-B39A9E5A41C2}
	EndGlobalSection
EndGlobal
